
Microsoft Visual Studio Solution File, Format Version 12.00
# Visual Studio Version 17
VisualStudioVersion = 17.2.32616.157
MinimumVisualStudioVersion = 10.0.40219.1
Project("{9A19103F-16F7-4668-BE54-9A1E7A4F7556}") = "Clinic.Logic", "Clinic.Logic\Clinic.Logic.csproj", "{FF4A278D-6F33-4D4B-B456-F151FDBA26EB}"
EndProject
Project("{9A19103F-16F7-4668-BE54-9A1E7A4F7556}") = "Clinic.DataAccess", "Clinic.DataAccess\Clinic.DataAccess.csproj", "{A1A327BF-A601-4AA2-B69E-FA965FE76FB4}"
EndProject
Project("{9A19103F-16F7-4668-BE54-9A1E7A4F7556}") = "Clinic.Models", "Clinic.Models\Clinic.Models.csproj", "{DECEF23C-D74E-4AFB-AC93-CE7F6F1F28B0}"
EndProject
Project("{9A19103F-16F7-4668-BE54-9A1E7A4F7556}") = "Clinic.WebAdmin", "Clinic.WebAdmin\Clinic.WebAdmin.csproj", "{B2F349CB-B317-434D-955D-46E8F35B7B17}"
EndProject
Project("{9A19103F-16F7-4668-BE54-9A1E7A4F7556}") = "Clinic.WebPatient", "Clinic.WebPatient\Clinic.WebPatient.csproj", "{B16AD283-877D-40A5-825D-F192155060B8}"
EndProject
Global
	GlobalSection(SolutionConfigurationPlatforms) = preSolution
		Debug|Any CPU = Debug|Any CPU
		Release|Any CPU = Release|Any CPU
	EndGlobalSection
	GlobalSection(ProjectConfigurationPlatforms) = postSolution
		{FF4A278D-6F33-4D4B-B456-F151FDBA26EB}.Debug|Any CPU.ActiveCfg = Debug|Any CPU
		{FF4A278D-6F33-4D4B-B456-F151FDBA26EB}.Debug|Any CPU.Build.0 = Debug|Any CPU
		{FF4A278D-6F33-4D4B-B456-F151FDBA26EB}.Release|Any CPU.ActiveCfg = Release|Any CPU
		{FF4A278D-6F33-4D4B-B456-F151FDBA26EB}.Release|Any CPU.Build.0 = Release|Any CPU
		{A1A327BF-A601-4AA2-B69E-FA965FE76FB4}.Debug|Any CPU.ActiveCfg = Debug|Any CPU
		{A1A327BF-A601-4AA2-B69E-FA965FE76FB4}.Debug|Any CPU.Build.0 = Debug|Any CPU
		{A1A327BF-A601-4AA2-B69E-FA965FE76FB4}.Release|Any CPU.ActiveCfg = Release|Any CPU
		{A1A327BF-A601-4AA2-B69E-FA965FE76FB4}.Release|Any CPU.Build.0 = Release|Any CPU
		{DECEF23C-D74E-4AFB-AC93-CE7F6F1F28B0}.Debug|Any CPU.ActiveCfg = Debug|Any CPU
		{DECEF23C-D74E-4AFB-AC93-CE7F6F1F28B0}.Debug|Any CPU.Build.0 = Debug|Any CPU
		{DECEF23C-D74E-4AFB-AC93-CE7F6F1F28B0}.Release|Any CPU.ActiveCfg = Release|Any CPU
		{DECEF23C-D74E-4AFB-AC93-CE7F6F1F28B0}.Release|Any CPU.Build.0 = Release|Any CPU
		{B2F349CB-B317-434D-955D-46E8F35B7B17}.Debug|Any CPU.ActiveCfg = Debug|Any CPU
		{B2F349CB-B317-434D-955D-46E8F35B7B17}.Debug|Any CPU.Build.0 = Debug|Any CPU
		{B2F349CB-B317-434D-955D-46E8F35B7B17}.Release|Any CPU.ActiveCfg = Release|Any CPU
		{B2F349CB-B317-434D-955D-46E8F35B7B17}.Release|Any CPU.Build.0 = Release|Any CPU
		{B16AD283-877D-40A5-825D-F192155060B8}.Debug|Any CPU.ActiveCfg = Debug|Any CPU
		{B16AD283-877D-40A5-825D-F192155060B8}.Debug|Any CPU.Build.0 = Debug|Any CPU
		{B16AD283-877D-40A5-825D-F192155060B8}.Release|Any CPU.ActiveCfg = Release|Any CPU
		{B16AD283-877D-40A5-825D-F192155060B8}.Release|Any CPU.Build.0 = Release|Any CPU
	EndGlobalSection
	GlobalSection(SolutionProperties) = preSolution
		HideSolutionNode = FALSE
	EndGlobalSection
	GlobalSection(ExtensibilityGlobals) = postSolution
		SolutionGuid = {788B0E8E-3738-42C1-8AA4-9C85C383FDAD}
	EndGlobalSection
EndGlobal
